
Microsoft Visual Studio Solution File, Format Version 12.00
# Visual Studio 15
VisualStudioVersion = 15.0.28307.2092
MinimumVisualStudioVersion = 10.0.40219.1
Project("{FAE04EC0-301F-11D3-BF4B-00C04F79EFBC}") = "pb6", "pb6\pb6.csproj", "{A80618E0-2088-40AD-BA6E-EA90B7A8491E}"
EndProject
Global
	GlobalSection(SolutionConfigurationPlatforms) = preSolution
		Debug|Any CPU = Debug|Any CPU
		Release|Any CPU = Release|Any CPU
	EndGlobalSection
	GlobalSection(ProjectConfigurationPlatforms) = postSolution
		{A80618E0-2088-40AD-BA6E-EA90B7A8491E}.Debug|Any CPU.ActiveCfg = Debug|Any CPU
		{A80618E0-2088-40AD-BA6E-EA90B7A8491E}.Debug|Any CPU.Build.0 = Debug|Any CPU
		{A80618E0-2088-40AD-BA6E-EA90B7A8491E}.Release|Any CPU.ActiveCfg = Release|Any CPU
		{A80618E0-2088-40AD-BA6E-EA90B7A8491E}.Release|Any CPU.Build.0 = Release|Any CPU
	EndGlobalSection
	GlobalSection(SolutionProperties) = preSolution
		HideSolutionNode = FALSE
	EndGlobalSection
	GlobalSection(ExtensibilityGlobals) = postSolution
		SolutionGuid = {34F99E26-4441-4F35-B30D-F072D8DBDAC3}
	EndGlobalSection
EndGlobal
