
Microsoft Visual Studio Solution File, Format Version 12.00
# Visual Studio 15
VisualStudioVersion = 15.0.28307.2092
MinimumVisualStudioVersion = 10.0.40219.1
Project("{FAE04EC0-301F-11D3-BF4B-00C04F79EFBC}") = "pb10", "pb10\pb10.csproj", "{E8E910F1-01C6-4C8A-8FB1-6F3672C27A9A}"
EndProject
Global
	GlobalSection(SolutionConfigurationPlatforms) = preSolution
		Debug|Any CPU = Debug|Any CPU
		Release|Any CPU = Release|Any CPU
	EndGlobalSection
	GlobalSection(ProjectConfigurationPlatforms) = postSolution
		{E8E910F1-01C6-4C8A-8FB1-6F3672C27A9A}.Debug|Any CPU.ActiveCfg = Debug|Any CPU
		{E8E910F1-01C6-4C8A-8FB1-6F3672C27A9A}.Debug|Any CPU.Build.0 = Debug|Any CPU
		{E8E910F1-01C6-4C8A-8FB1-6F3672C27A9A}.Release|Any CPU.ActiveCfg = Release|Any CPU
		{E8E910F1-01C6-4C8A-8FB1-6F3672C27A9A}.Release|Any CPU.Build.0 = Release|Any CPU
	EndGlobalSection
	GlobalSection(SolutionProperties) = preSolution
		HideSolutionNode = FALSE
	EndGlobalSection
	GlobalSection(ExtensibilityGlobals) = postSolution
		SolutionGuid = {BB24E9D6-5FCE-40F1-8F72-846C2B13F129}
	EndGlobalSection
EndGlobal
