
Microsoft Visual Studio Solution File, Format Version 12.00
# Visual Studio 15
VisualStudioVersion = 15.0.28307.2092
MinimumVisualStudioVersion = 10.0.40219.1
Project("{FAE04EC0-301F-11D3-BF4B-00C04F79EFBC}") = "pb7", "pb7\pb7.csproj", "{DB24F2E4-6F09-4EA8-A483-4B79163CE744}"
EndProject
Global
	GlobalSection(SolutionConfigurationPlatforms) = preSolution
		Debug|Any CPU = Debug|Any CPU
		Release|Any CPU = Release|Any CPU
	EndGlobalSection
	GlobalSection(ProjectConfigurationPlatforms) = postSolution
		{DB24F2E4-6F09-4EA8-A483-4B79163CE744}.Debug|Any CPU.ActiveCfg = Debug|Any CPU
		{DB24F2E4-6F09-4EA8-A483-4B79163CE744}.Debug|Any CPU.Build.0 = Debug|Any CPU
		{DB24F2E4-6F09-4EA8-A483-4B79163CE744}.Release|Any CPU.ActiveCfg = Release|Any CPU
		{DB24F2E4-6F09-4EA8-A483-4B79163CE744}.Release|Any CPU.Build.0 = Release|Any CPU
	EndGlobalSection
	GlobalSection(SolutionProperties) = preSolution
		HideSolutionNode = FALSE
	EndGlobalSection
	GlobalSection(ExtensibilityGlobals) = postSolution
		SolutionGuid = {FFF89E30-3149-4223-B2BB-EC3E0A35DB8C}
	EndGlobalSection
EndGlobal
