
Microsoft Visual Studio Solution File, Format Version 12.00
# Visual Studio 15
VisualStudioVersion = 15.0.28307.2092
MinimumVisualStudioVersion = 10.0.40219.1
Project("{FAE04EC0-301F-11D3-BF4B-00C04F79EFBC}") = "pb2", "pb2\pb2.csproj", "{52624CFD-AD26-4D5D-86D3-C8EF580BFAC4}"
EndProject
Global
	GlobalSection(SolutionConfigurationPlatforms) = preSolution
		Debug|Any CPU = Debug|Any CPU
		Release|Any CPU = Release|Any CPU
	EndGlobalSection
	GlobalSection(ProjectConfigurationPlatforms) = postSolution
		{52624CFD-AD26-4D5D-86D3-C8EF580BFAC4}.Debug|Any CPU.ActiveCfg = Debug|Any CPU
		{52624CFD-AD26-4D5D-86D3-C8EF580BFAC4}.Debug|Any CPU.Build.0 = Debug|Any CPU
		{52624CFD-AD26-4D5D-86D3-C8EF580BFAC4}.Release|Any CPU.ActiveCfg = Release|Any CPU
		{52624CFD-AD26-4D5D-86D3-C8EF580BFAC4}.Release|Any CPU.Build.0 = Release|Any CPU
	EndGlobalSection
	GlobalSection(SolutionProperties) = preSolution
		HideSolutionNode = FALSE
	EndGlobalSection
	GlobalSection(ExtensibilityGlobals) = postSolution
		SolutionGuid = {2DD310F2-FC76-4857-B5FD-C55DF7A1FFFE}
	EndGlobalSection
EndGlobal
