
Microsoft Visual Studio Solution File, Format Version 12.00
# Visual Studio 15
VisualStudioVersion = 15.0.28307.2092
MinimumVisualStudioVersion = 10.0.40219.1
Project("{FAE04EC0-301F-11D3-BF4B-00C04F79EFBC}") = "pb17", "pb17\pb17.csproj", "{A36E284D-2FE6-4716-A706-F50483EB56ED}"
EndProject
Global
	GlobalSection(SolutionConfigurationPlatforms) = preSolution
		Debug|Any CPU = Debug|Any CPU
		Release|Any CPU = Release|Any CPU
	EndGlobalSection
	GlobalSection(ProjectConfigurationPlatforms) = postSolution
		{A36E284D-2FE6-4716-A706-F50483EB56ED}.Debug|Any CPU.ActiveCfg = Debug|Any CPU
		{A36E284D-2FE6-4716-A706-F50483EB56ED}.Debug|Any CPU.Build.0 = Debug|Any CPU
		{A36E284D-2FE6-4716-A706-F50483EB56ED}.Release|Any CPU.ActiveCfg = Release|Any CPU
		{A36E284D-2FE6-4716-A706-F50483EB56ED}.Release|Any CPU.Build.0 = Release|Any CPU
	EndGlobalSection
	GlobalSection(SolutionProperties) = preSolution
		HideSolutionNode = FALSE
	EndGlobalSection
	GlobalSection(ExtensibilityGlobals) = postSolution
		SolutionGuid = {A6A7AE21-4BE5-4F17-AF6C-2F9EA13B625A}
	EndGlobalSection
EndGlobal
