
Microsoft Visual Studio Solution File, Format Version 12.00
# Visual Studio 15
VisualStudioVersion = 15.0.28307.2092
MinimumVisualStudioVersion = 10.0.40219.1
Project("{FAE04EC0-301F-11D3-BF4B-00C04F79EFBC}") = "pb16", "pb16\pb16.csproj", "{F67D4E76-6800-4E85-86EC-05A96F38367C}"
EndProject
Global
	GlobalSection(SolutionConfigurationPlatforms) = preSolution
		Debug|Any CPU = Debug|Any CPU
		Release|Any CPU = Release|Any CPU
	EndGlobalSection
	GlobalSection(ProjectConfigurationPlatforms) = postSolution
		{F67D4E76-6800-4E85-86EC-05A96F38367C}.Debug|Any CPU.ActiveCfg = Debug|Any CPU
		{F67D4E76-6800-4E85-86EC-05A96F38367C}.Debug|Any CPU.Build.0 = Debug|Any CPU
		{F67D4E76-6800-4E85-86EC-05A96F38367C}.Release|Any CPU.ActiveCfg = Release|Any CPU
		{F67D4E76-6800-4E85-86EC-05A96F38367C}.Release|Any CPU.Build.0 = Release|Any CPU
	EndGlobalSection
	GlobalSection(SolutionProperties) = preSolution
		HideSolutionNode = FALSE
	EndGlobalSection
	GlobalSection(ExtensibilityGlobals) = postSolution
		SolutionGuid = {A64AD565-F270-4642-89CB-29A4D7383760}
	EndGlobalSection
EndGlobal
